// !$*UTF8*$!
{
	archiveVersion = 1;
	classes = {
	};
	objectVersion = 48;
	objects = {

/* Begin PBXBuildFile section */
		EDC446811FF4105600BFC2EC /* ft_rm_ctrl.c in Sources */ = {isa = PBXBuildFile; fileRef = EDC446801FF4105600BFC2EC /* ft_rm_ctrl.c */; };
		EDC446831FF4671900BFC2EC /* ft_rm_list.c in Sources */ = {isa = PBXBuildFile; fileRef = EDC446821FF4671900BFC2EC /* ft_rm_list.c */; };
		EDC446851FF5120700BFC2EC /* ft_clean_list.c in Sources */ = {isa = PBXBuildFile; fileRef = EDC446841FF5120700BFC2EC /* ft_clean_list.c */; };
		EDEBF9A21FED8A8400C771FC /* libft.h in Headers */ = {isa = PBXBuildFile; fileRef = EDEBF9541FED8A6100C771FC /* libft.h */; settings = {ATTRIBUTES = (Public, ); }; };
		EDEBFACA1FED99E100C771FC /* ft_strncat.c in Sources */ = {isa = PBXBuildFile; fileRef = EDEBFA801FED99E100C771FC /* ft_strncat.c */; };
		EDEBFACB1FED99E100C771FC /* ft_strnstr.c in Sources */ = {isa = PBXBuildFile; fileRef = EDEBFA811FED99E100C771FC /* ft_strnstr.c */; };
		EDEBFACC1FED99E100C771FC /* ft_strswp.c in Sources */ = {isa = PBXBuildFile; fileRef = EDEBFA821FED99E100C771FC /* ft_strswp.c */; };
		EDEBFACD1FED99E100C771FC /* ft_lstadd.c in Sources */ = {isa = PBXBuildFile; fileRef = EDEBFA831FED99E100C771FC /* ft_lstadd.c */; };
		EDEBFACE1FED99E100C771FC /* ft_isdigit.c in Sources */ = {isa = PBXBuildFile; fileRef = EDEBFA841FED99E100C771FC /* ft_isdigit.c */; };
		EDEBFACF1FED99E100C771FC /* ft_create_item.c in Sources */ = {isa = PBXBuildFile; fileRef = EDEBFA851FED99E100C771FC /* ft_create_item.c */; };
		EDEBFAD01FED99E100C771FC /* ft_putstr_fd.c in Sources */ = {isa = PBXBuildFile; fileRef = EDEBFA861FED99E100C771FC /* ft_putstr_fd.c */; };
		EDEBFAD11FED99E100C771FC /* ft_strequ.c in Sources */ = {isa = PBXBuildFile; fileRef = EDEBFA871FED99E100C771FC /* ft_strequ.c */; };
		EDEBFAD21FED99E100C771FC /* ft_lstnew.c in Sources */ = {isa = PBXBuildFile; fileRef = EDEBFA881FED99E100C771FC /* ft_lstnew.c */; };
		EDEBFAD31FED99E100C771FC /* ft_strlen.c in Sources */ = {isa = PBXBuildFile; fileRef = EDEBFA891FED99E100C771FC /* ft_strlen.c */; };
		EDEBFAD41FED99E100C771FC /* ft_strnjoin.c in Sources */ = {isa = PBXBuildFile; fileRef = EDEBFA8A1FED99E100C771FC /* ft_strnjoin.c */; };
		EDEBFAD51FED99E100C771FC /* ft_memcmp.c in Sources */ = {isa = PBXBuildFile; fileRef = EDEBFA8B1FED99E100C771FC /* ft_memcmp.c */; };
		EDEBFAD61FED99E100C771FC /* ft_putnbr.c in Sources */ = {isa = PBXBuildFile; fileRef = EDEBFA8C1FED99E100C771FC /* ft_putnbr.c */; };
		EDEBFAD71FED99E100C771FC /* ft_strclr.c in Sources */ = {isa = PBXBuildFile; fileRef = EDEBFA8D1FED99E100C771FC /* ft_strclr.c */; };
		EDEBFAD81FED99E100C771FC /* ft_int_cmp.c in Sources */ = {isa = PBXBuildFile; fileRef = EDEBFA8E1FED99E100C771FC /* ft_int_cmp.c */; };
		EDEBFAD91FED99E100C771FC /* ft_memicmp.c in Sources */ = {isa = PBXBuildFile; fileRef = EDEBFA8F1FED99E100C771FC /* ft_memicmp.c */; };
		EDEBFADA1FED99E100C771FC /* ft_strsplit.c in Sources */ = {isa = PBXBuildFile; fileRef = EDEBFA901FED99E100C771FC /* ft_strsplit.c */; };
		EDEBFADB1FED99E100C771FC /* ft_putnbr_fd.c in Sources */ = {isa = PBXBuildFile; fileRef = EDEBFA911FED99E100C771FC /* ft_putnbr_fd.c */; };
		EDEBFADC1FED99E100C771FC /* ft_lstiter.c in Sources */ = {isa = PBXBuildFile; fileRef = EDEBFA921FED99E100C771FC /* ft_lstiter.c */; };
		EDEBFADD1FED99E100C771FC /* ft_strchr.c in Sources */ = {isa = PBXBuildFile; fileRef = EDEBFA931FED99E100C771FC /* ft_strchr.c */; };
		EDEBFADE1FED99E100C771FC /* ft_striteri.c in Sources */ = {isa = PBXBuildFile; fileRef = EDEBFA941FED99E100C771FC /* ft_striteri.c */; };
		EDEBFADF1FED99E100C771FC /* ft_bzero.c in Sources */ = {isa = PBXBuildFile; fileRef = EDEBFA951FED99E100C771FC /* ft_bzero.c */; };
		EDEBFAE01FED99E100C771FC /* ft_strjoin.c in Sources */ = {isa = PBXBuildFile; fileRef = EDEBFA961FED99E100C771FC /* ft_strjoin.c */; };
		EDEBFAE11FED99E100C771FC /* ft_isascii.c in Sources */ = {isa = PBXBuildFile; fileRef = EDEBFA971FED99E100C771FC /* ft_isascii.c */; };
		EDEBFAE21FED99E100C771FC /* ft_memcpy.c in Sources */ = {isa = PBXBuildFile; fileRef = EDEBFA981FED99E100C771FC /* ft_memcpy.c */; };
		EDEBFAE31FED99E100C771FC /* ft_strstr.c in Sources */ = {isa = PBXBuildFile; fileRef = EDEBFA991FED99E100C771FC /* ft_strstr.c */; };
		EDEBFAE41FED99E100C771FC /* ft_memalloc.c in Sources */ = {isa = PBXBuildFile; fileRef = EDEBFA9A1FED99E100C771FC /* ft_memalloc.c */; };
		EDEBFAE51FED99E100C771FC /* ft_putendl.c in Sources */ = {isa = PBXBuildFile; fileRef = EDEBFA9B1FED99E100C771FC /* ft_putendl.c */; };
		EDEBFAE61FED99E100C771FC /* ft_memccpy.c in Sources */ = {isa = PBXBuildFile; fileRef = EDEBFA9C1FED99E100C771FC /* ft_memccpy.c */; };
		EDEBFAE71FED99E100C771FC /* ft_strcat.c in Sources */ = {isa = PBXBuildFile; fileRef = EDEBFA9D1FED99E100C771FC /* ft_strcat.c */; };
		EDEBFAE81FED99E100C771FC /* ft_isprint.c in Sources */ = {isa = PBXBuildFile; fileRef = EDEBFA9E1FED99E100C771FC /* ft_isprint.c */; };
		EDEBFAE91FED99E100C771FC /* ft_strnswp.c in Sources */ = {isa = PBXBuildFile; fileRef = EDEBFA9F1FED99E100C771FC /* ft_strnswp.c */; };
		EDEBFAEA1FED99E100C771FC /* ft_putendl_fd.c in Sources */ = {isa = PBXBuildFile; fileRef = EDEBFAA01FED99E100C771FC /* ft_putendl_fd.c */; };
		EDEBFAEB1FED99E100C771FC /* ft_strdel.c in Sources */ = {isa = PBXBuildFile; fileRef = EDEBFAA11FED99E100C771FC /* ft_strdel.c */; };
		EDEBFAEC1FED99E100C771FC /* ft_lstmap.c in Sources */ = {isa = PBXBuildFile; fileRef = EDEBFAA21FED99E100C771FC /* ft_lstmap.c */; };
		EDEBFAED1FED99E100C771FC /* ft_strnequ.c in Sources */ = {isa = PBXBuildFile; fileRef = EDEBFAA31FED99E100C771FC /* ft_strnequ.c */; };
		EDEBFAEE1FED99E100C771FC /* ft_toupper.c in Sources */ = {isa = PBXBuildFile; fileRef = EDEBFAA41FED99E100C771FC /* ft_toupper.c */; };
		EDEBFAEF1FED99E100C771FC /* ft_rm_item.c in Sources */ = {isa = PBXBuildFile; fileRef = EDEBFAA51FED99E100C771FC /* ft_rm_item.c */; };
		EDEBFAF01FED99E100C771FC /* ft_putchar.c in Sources */ = {isa = PBXBuildFile; fileRef = EDEBFAA61FED99E100C771FC /* ft_putchar.c */; };
		EDEBFAF11FED99E100C771FC /* ft_strrchr.c in Sources */ = {isa = PBXBuildFile; fileRef = EDEBFAA71FED99E100C771FC /* ft_strrchr.c */; };
		EDEBFAF21FED99E100C771FC /* ft_get_item.c in Sources */ = {isa = PBXBuildFile; fileRef = EDEBFAA81FED99E100C771FC /* ft_get_item.c */; };
		EDEBFAF31FED99E100C771FC /* ft_isalpha.c in Sources */ = {isa = PBXBuildFile; fileRef = EDEBFAA91FED99E100C771FC /* ft_isalpha.c */; };
		EDEBFAF41FED99E100C771FC /* ft_memchr.c in Sources */ = {isa = PBXBuildFile; fileRef = EDEBFAAA1FED99E100C771FC /* ft_memchr.c */; };
		EDEBFAF51FED99E100C771FC /* ft_strmap.c in Sources */ = {isa = PBXBuildFile; fileRef = EDEBFAAB1FED99E100C771FC /* ft_strmap.c */; };
		EDEBFAF61FED99E100C771FC /* ft_stricpy.c in Sources */ = {isa = PBXBuildFile; fileRef = EDEBFAAC1FED99E100C771FC /* ft_stricpy.c */; };
		EDEBFAF71FED99E100C771FC /* ft_putchar_fd.c in Sources */ = {isa = PBXBuildFile; fileRef = EDEBFAAD1FED99E100C771FC /* ft_putchar_fd.c */; };
		EDEBFAF81FED99E100C771FC /* ft_memset.c in Sources */ = {isa = PBXBuildFile; fileRef = EDEBFAAE1FED99E100C771FC /* ft_memset.c */; };
		EDEBFAF91FED99E100C771FC /* ft_lstdel.c in Sources */ = {isa = PBXBuildFile; fileRef = EDEBFAAF1FED99E100C771FC /* ft_lstdel.c */; };
		EDEBFAFA1FED99E100C771FC /* ft_strncmp.c in Sources */ = {isa = PBXBuildFile; fileRef = EDEBFAB01FED99E100C771FC /* ft_strncmp.c */; };
		EDEBFAFB1FED99E100C771FC /* ft_strcpy.c in Sources */ = {isa = PBXBuildFile; fileRef = EDEBFAB11FED99E100C771FC /* ft_strcpy.c */; };
		EDEBFAFC1FED99E100C771FC /* ft_strlswp.c in Sources */ = {isa = PBXBuildFile; fileRef = EDEBFAB21FED99E100C771FC /* ft_strlswp.c */; };
		EDEBFAFD1FED99E100C771FC /* ft_strmapi.c in Sources */ = {isa = PBXBuildFile; fileRef = EDEBFAB31FED99E100C771FC /* ft_strmapi.c */; };
		EDEBFAFE1FED99E100C771FC /* ft_strtrim.c in Sources */ = {isa = PBXBuildFile; fileRef = EDEBFAB41FED99E100C771FC /* ft_strtrim.c */; };
		EDEBFAFF1FED99E100C771FC /* ft_memdel.c in Sources */ = {isa = PBXBuildFile; fileRef = EDEBFAB51FED99E100C771FC /* ft_memdel.c */; };
		EDEBFB001FED99E100C771FC /* ft_memmove.c in Sources */ = {isa = PBXBuildFile; fileRef = EDEBFAB61FED99E100C771FC /* ft_memmove.c */; };
		EDEBFB011FED99E100C771FC /* ft_abs.c in Sources */ = {isa = PBXBuildFile; fileRef = EDEBFAB71FED99E100C771FC /* ft_abs.c */; };
		EDEBFB021FED99E100C771FC /* ft_strnew.c in Sources */ = {isa = PBXBuildFile; fileRef = EDEBFAB81FED99E100C771FC /* ft_strnew.c */; };
		EDEBFB031FED99E100C771FC /* ft_putstr.c in Sources */ = {isa = PBXBuildFile; fileRef = EDEBFAB91FED99E100C771FC /* ft_putstr.c */; };
		EDEBFB041FED99E100C771FC /* ft_memswp.c in Sources */ = {isa = PBXBuildFile; fileRef = EDEBFABA1FED99E100C771FC /* ft_memswp.c */; };
		EDEBFB051FED99E100C771FC /* ft_init_ctrl.c in Sources */ = {isa = PBXBuildFile; fileRef = EDEBFABB1FED99E100C771FC /* ft_init_ctrl.c */; };
		EDEBFB061FED99E100C771FC /* ft_strlcat.c in Sources */ = {isa = PBXBuildFile; fileRef = EDEBFABC1FED99E100C771FC /* ft_strlcat.c */; };
		EDEBFB071FED99E100C771FC /* ft_search_item.c in Sources */ = {isa = PBXBuildFile; fileRef = EDEBFABD1FED99E100C771FC /* ft_search_item.c */; };
		EDEBFB081FED99E100C771FC /* ft_strdup.c in Sources */ = {isa = PBXBuildFile; fileRef = EDEBFABE1FED99E100C771FC /* ft_strdup.c */; };
		EDEBFB091FED99E100C771FC /* ft_atoi.c in Sources */ = {isa = PBXBuildFile; fileRef = EDEBFABF1FED99E100C771FC /* ft_atoi.c */; };
		EDEBFB0A1FED99E100C771FC /* ft_memjoin.c in Sources */ = {isa = PBXBuildFile; fileRef = EDEBFAC01FED99E100C771FC /* ft_memjoin.c */; };
		EDEBFB0B1FED99E100C771FC /* ft_memichr.c in Sources */ = {isa = PBXBuildFile; fileRef = EDEBFAC11FED99E100C771FC /* ft_memichr.c */; };
		EDEBFB0C1FED99E100C771FC /* ft_isalnum.c in Sources */ = {isa = PBXBuildFile; fileRef = EDEBFAC21FED99E100C771FC /* ft_isalnum.c */; };
		EDEBFB0D1FED99E100C771FC /* ft_lstdelone.c in Sources */ = {isa = PBXBuildFile; fileRef = EDEBFAC31FED99E100C771FC /* ft_lstdelone.c */; };
		EDEBFB0E1FED99E100C771FC /* ft_itoa.c in Sources */ = {isa = PBXBuildFile; fileRef = EDEBFAC41FED99E100C771FC /* ft_itoa.c */; };
		EDEBFB0F1FED99E100C771FC /* ft_striter.c in Sources */ = {isa = PBXBuildFile; fileRef = EDEBFAC51FED99E100C771FC /* ft_striter.c */; };
		EDEBFB101FED99E100C771FC /* ft_strsub.c in Sources */ = {isa = PBXBuildFile; fileRef = EDEBFAC61FED99E100C771FC /* ft_strsub.c */; };
		EDEBFB111FED99E100C771FC /* ft_strncpy.c in Sources */ = {isa = PBXBuildFile; fileRef = EDEBFAC71FED99E100C771FC /* ft_strncpy.c */; };
		EDEBFB121FED99E100C771FC /* ft_tolower.c in Sources */ = {isa = PBXBuildFile; fileRef = EDEBFAC81FED99E100C771FC /* ft_tolower.c */; };
		EDEBFB131FED99E100C771FC /* ft_strcmp.c in Sources */ = {isa = PBXBuildFile; fileRef = EDEBFAC91FED99E100C771FC /* ft_strcmp.c */; };
/* End PBXBuildFile section */

/* Begin PBXFileReference section */
		ED79FD071FEDAF7700EB15A1 /* Cocoa.framework */ = {isa = PBXFileReference; lastKnownFileType = wrapper.framework; name = Cocoa.framework; path = System/Library/Frameworks/Cocoa.framework; sourceTree = SDKROOT; };
		EDC446801FF4105600BFC2EC /* ft_rm_ctrl.c */ = {isa = PBXFileReference; lastKnownFileType = sourcecode.c.c; path = ft_rm_ctrl.c; sourceTree = "<group>"; };
		EDC446821FF4671900BFC2EC /* ft_rm_list.c */ = {isa = PBXFileReference; lastKnownFileType = sourcecode.c.c; path = ft_rm_list.c; sourceTree = "<group>"; };
		EDC446841FF5120700BFC2EC /* ft_clean_list.c */ = {isa = PBXFileReference; lastKnownFileType = sourcecode.c.c; path = ft_clean_list.c; sourceTree = "<group>"; };
		EDEBF9431FED8A2F00C771FC /* libft.a */ = {isa = PBXFileReference; explicitFileType = archive.ar; includeInIndex = 0; path = libft.a; sourceTree = BUILT_PRODUCTS_DIR; };
		EDEBF9541FED8A6100C771FC /* libft.h */ = {isa = PBXFileReference; fileEncoding = 4; lastKnownFileType = sourcecode.c.h; path = libft.h; sourceTree = "<group>"; };
		EDEBF9581FED8A6200C771FC /* libft.fr.pdf */ = {isa = PBXFileReference; lastKnownFileType = image.pdf; path = libft.fr.pdf; sourceTree = "<group>"; };
		EDEBF96E1FED8A6E00C771FC /* Makefile */ = {isa = PBXFileReference; fileEncoding = 4; lastKnownFileType = sourcecode.make; path = Makefile; sourceTree = "<group>"; };
		EDEBF98A1FED8A7C00C771FC /* auteur */ = {isa = PBXFileReference; fileEncoding = 4; lastKnownFileType = text; path = auteur; sourceTree = "<group>"; };
		EDEBFA801FED99E100C771FC /* ft_strncat.c */ = {isa = PBXFileReference; fileEncoding = 4; lastKnownFileType = sourcecode.c.c; path = ft_strncat.c; sourceTree = "<group>"; };
		EDEBFA811FED99E100C771FC /* ft_strnstr.c */ = {isa = PBXFileReference; fileEncoding = 4; lastKnownFileType = sourcecode.c.c; path = ft_strnstr.c; sourceTree = "<group>"; };
		EDEBFA821FED99E100C771FC /* ft_strswp.c */ = {isa = PBXFileReference; fileEncoding = 4; lastKnownFileType = sourcecode.c.c; path = ft_strswp.c; sourceTree = "<group>"; };
		EDEBFA831FED99E100C771FC /* ft_lstadd.c */ = {isa = PBXFileReference; fileEncoding = 4; lastKnownFileType = sourcecode.c.c; path = ft_lstadd.c; sourceTree = "<group>"; };
		EDEBFA841FED99E100C771FC /* ft_isdigit.c */ = {isa = PBXFileReference; fileEncoding = 4; lastKnownFileType = sourcecode.c.c; path = ft_isdigit.c; sourceTree = "<group>"; };
		EDEBFA851FED99E100C771FC /* ft_create_item.c */ = {isa = PBXFileReference; fileEncoding = 4; lastKnownFileType = sourcecode.c.c; path = ft_create_item.c; sourceTree = "<group>"; };
		EDEBFA861FED99E100C771FC /* ft_putstr_fd.c */ = {isa = PBXFileReference; fileEncoding = 4; lastKnownFileType = sourcecode.c.c; path = ft_putstr_fd.c; sourceTree = "<group>"; };
		EDEBFA871FED99E100C771FC /* ft_strequ.c */ = {isa = PBXFileReference; fileEncoding = 4; lastKnownFileType = sourcecode.c.c; path = ft_strequ.c; sourceTree = "<group>"; };
		EDEBFA881FED99E100C771FC /* ft_lstnew.c */ = {isa = PBXFileReference; fileEncoding = 4; lastKnownFileType = sourcecode.c.c; path = ft_lstnew.c; sourceTree = "<group>"; };
		EDEBFA891FED99E100C771FC /* ft_strlen.c */ = {isa = PBXFileReference; fileEncoding = 4; lastKnownFileType = sourcecode.c.c; path = ft_strlen.c; sourceTree = "<group>"; };
		EDEBFA8A1FED99E100C771FC /* ft_strnjoin.c */ = {isa = PBXFileReference; fileEncoding = 4; lastKnownFileType = sourcecode.c.c; path = ft_strnjoin.c; sourceTree = "<group>"; };
		EDEBFA8B1FED99E100C771FC /* ft_memcmp.c */ = {isa = PBXFileReference; fileEncoding = 4; lastKnownFileType = sourcecode.c.c; path = ft_memcmp.c; sourceTree = "<group>"; };
		EDEBFA8C1FED99E100C771FC /* ft_putnbr.c */ = {isa = PBXFileReference; fileEncoding = 4; lastKnownFileType = sourcecode.c.c; path = ft_putnbr.c; sourceTree = "<group>"; };
		EDEBFA8D1FED99E100C771FC /* ft_strclr.c */ = {isa = PBXFileReference; fileEncoding = 4; lastKnownFileType = sourcecode.c.c; path = ft_strclr.c; sourceTree = "<group>"; };
		EDEBFA8E1FED99E100C771FC /* ft_int_cmp.c */ = {isa = PBXFileReference; fileEncoding = 4; lastKnownFileType = sourcecode.c.c; path = ft_int_cmp.c; sourceTree = "<group>"; };
		EDEBFA8F1FED99E100C771FC /* ft_memicmp.c */ = {isa = PBXFileReference; fileEncoding = 4; lastKnownFileType = sourcecode.c.c; path = ft_memicmp.c; sourceTree = "<group>"; };
		EDEBFA901FED99E100C771FC /* ft_strsplit.c */ = {isa = PBXFileReference; fileEncoding = 4; lastKnownFileType = sourcecode.c.c; path = ft_strsplit.c; sourceTree = "<group>"; };
		EDEBFA911FED99E100C771FC /* ft_putnbr_fd.c */ = {isa = PBXFileReference; fileEncoding = 4; lastKnownFileType = sourcecode.c.c; path = ft_putnbr_fd.c; sourceTree = "<group>"; };
		EDEBFA921FED99E100C771FC /* ft_lstiter.c */ = {isa = PBXFileReference; fileEncoding = 4; lastKnownFileType = sourcecode.c.c; path = ft_lstiter.c; sourceTree = "<group>"; };
		EDEBFA931FED99E100C771FC /* ft_strchr.c */ = {isa = PBXFileReference; fileEncoding = 4; lastKnownFileType = sourcecode.c.c; path = ft_strchr.c; sourceTree = "<group>"; };
		EDEBFA941FED99E100C771FC /* ft_striteri.c */ = {isa = PBXFileReference; fileEncoding = 4; lastKnownFileType = sourcecode.c.c; path = ft_striteri.c; sourceTree = "<group>"; };
		EDEBFA951FED99E100C771FC /* ft_bzero.c */ = {isa = PBXFileReference; fileEncoding = 4; lastKnownFileType = sourcecode.c.c; path = ft_bzero.c; sourceTree = "<group>"; };
		EDEBFA961FED99E100C771FC /* ft_strjoin.c */ = {isa = PBXFileReference; fileEncoding = 4; lastKnownFileType = sourcecode.c.c; path = ft_strjoin.c; sourceTree = "<group>"; };
		EDEBFA971FED99E100C771FC /* ft_isascii.c */ = {isa = PBXFileReference; fileEncoding = 4; lastKnownFileType = sourcecode.c.c; path = ft_isascii.c; sourceTree = "<group>"; };
		EDEBFA981FED99E100C771FC /* ft_memcpy.c */ = {isa = PBXFileReference; fileEncoding = 4; lastKnownFileType = sourcecode.c.c; path = ft_memcpy.c; sourceTree = "<group>"; };
		EDEBFA991FED99E100C771FC /* ft_strstr.c */ = {isa = PBXFileReference; fileEncoding = 4; lastKnownFileType = sourcecode.c.c; path = ft_strstr.c; sourceTree = "<group>"; };
		EDEBFA9A1FED99E100C771FC /* ft_memalloc.c */ = {isa = PBXFileReference; fileEncoding = 4; lastKnownFileType = sourcecode.c.c; path = ft_memalloc.c; sourceTree = "<group>"; };
		EDEBFA9B1FED99E100C771FC /* ft_putendl.c */ = {isa = PBXFileReference; fileEncoding = 4; lastKnownFileType = sourcecode.c.c; path = ft_putendl.c; sourceTree = "<group>"; };
		EDEBFA9C1FED99E100C771FC /* ft_memccpy.c */ = {isa = PBXFileReference; fileEncoding = 4; lastKnownFileType = sourcecode.c.c; path = ft_memccpy.c; sourceTree = "<group>"; };
		EDEBFA9D1FED99E100C771FC /* ft_strcat.c */ = {isa = PBXFileReference; fileEncoding = 4; lastKnownFileType = sourcecode.c.c; path = ft_strcat.c; sourceTree = "<group>"; };
		EDEBFA9E1FED99E100C771FC /* ft_isprint.c */ = {isa = PBXFileReference; fileEncoding = 4; lastKnownFileType = sourcecode.c.c; path = ft_isprint.c; sourceTree = "<group>"; };
		EDEBFA9F1FED99E100C771FC /* ft_strnswp.c */ = {isa = PBXFileReference; fileEncoding = 4; lastKnownFileType = sourcecode.c.c; path = ft_strnswp.c; sourceTree = "<group>"; };
		EDEBFAA01FED99E100C771FC /* ft_putendl_fd.c */ = {isa = PBXFileReference; fileEncoding = 4; lastKnownFileType = sourcecode.c.c; path = ft_putendl_fd.c; sourceTree = "<group>"; };
		EDEBFAA11FED99E100C771FC /* ft_strdel.c */ = {isa = PBXFileReference; fileEncoding = 4; lastKnownFileType = sourcecode.c.c; path = ft_strdel.c; sourceTree = "<group>"; };
		EDEBFAA21FED99E100C771FC /* ft_lstmap.c */ = {isa = PBXFileReference; fileEncoding = 4; lastKnownFileType = sourcecode.c.c; path = ft_lstmap.c; sourceTree = "<group>"; };
		EDEBFAA31FED99E100C771FC /* ft_strnequ.c */ = {isa = PBXFileReference; fileEncoding = 4; lastKnownFileType = sourcecode.c.c; path = ft_strnequ.c; sourceTree = "<group>"; };
		EDEBFAA41FED99E100C771FC /* ft_toupper.c */ = {isa = PBXFileReference; fileEncoding = 4; lastKnownFileType = sourcecode.c.c; path = ft_toupper.c; sourceTree = "<group>"; };
		EDEBFAA51FED99E100C771FC /* ft_rm_item.c */ = {isa = PBXFileReference; fileEncoding = 4; lastKnownFileType = sourcecode.c.c; path = ft_rm_item.c; sourceTree = "<group>"; };
		EDEBFAA61FED99E100C771FC /* ft_putchar.c */ = {isa = PBXFileReference; fileEncoding = 4; lastKnownFileType = sourcecode.c.c; path = ft_putchar.c; sourceTree = "<group>"; };
		EDEBFAA71FED99E100C771FC /* ft_strrchr.c */ = {isa = PBXFileReference; fileEncoding = 4; lastKnownFileType = sourcecode.c.c; path = ft_strrchr.c; sourceTree = "<group>"; };
		EDEBFAA81FED99E100C771FC /* ft_get_item.c */ = {isa = PBXFileReference; fileEncoding = 4; lastKnownFileType = sourcecode.c.c; path = ft_get_item.c; sourceTree = "<group>"; };
		EDEBFAA91FED99E100C771FC /* ft_isalpha.c */ = {isa = PBXFileReference; fileEncoding = 4; lastKnownFileType = sourcecode.c.c; path = ft_isalpha.c; sourceTree = "<group>"; };
		EDEBFAAA1FED99E100C771FC /* ft_memchr.c */ = {isa = PBXFileReference; fileEncoding = 4; lastKnownFileType = sourcecode.c.c; path = ft_memchr.c; sourceTree = "<group>"; };
		EDEBFAAB1FED99E100C771FC /* ft_strmap.c */ = {isa = PBXFileReference; fileEncoding = 4; lastKnownFileType = sourcecode.c.c; path = ft_strmap.c; sourceTree = "<group>"; };
		EDEBFAAC1FED99E100C771FC /* ft_stricpy.c */ = {isa = PBXFileReference; fileEncoding = 4; lastKnownFileType = sourcecode.c.c; path = ft_stricpy.c; sourceTree = "<group>"; };
		EDEBFAAD1FED99E100C771FC /* ft_putchar_fd.c */ = {isa = PBXFileReference; fileEncoding = 4; lastKnownFileType = sourcecode.c.c; path = ft_putchar_fd.c; sourceTree = "<group>"; };
		EDEBFAAE1FED99E100C771FC /* ft_memset.c */ = {isa = PBXFileReference; fileEncoding = 4; lastKnownFileType = sourcecode.c.c; path = ft_memset.c; sourceTree = "<group>"; };
		EDEBFAAF1FED99E100C771FC /* ft_lstdel.c */ = {isa = PBXFileReference; fileEncoding = 4; lastKnownFileType = sourcecode.c.c; path = ft_lstdel.c; sourceTree = "<group>"; };
		EDEBFAB01FED99E100C771FC /* ft_strncmp.c */ = {isa = PBXFileReference; fileEncoding = 4; lastKnownFileType = sourcecode.c.c; path = ft_strncmp.c; sourceTree = "<group>"; };
		EDEBFAB11FED99E100C771FC /* ft_strcpy.c */ = {isa = PBXFileReference; fileEncoding = 4; lastKnownFileType = sourcecode.c.c; path = ft_strcpy.c; sourceTree = "<group>"; };
		EDEBFAB21FED99E100C771FC /* ft_strlswp.c */ = {isa = PBXFileReference; fileEncoding = 4; lastKnownFileType = sourcecode.c.c; path = ft_strlswp.c; sourceTree = "<group>"; };
		EDEBFAB31FED99E100C771FC /* ft_strmapi.c */ = {isa = PBXFileReference; fileEncoding = 4; lastKnownFileType = sourcecode.c.c; path = ft_strmapi.c; sourceTree = "<group>"; };
		EDEBFAB41FED99E100C771FC /* ft_strtrim.c */ = {isa = PBXFileReference; fileEncoding = 4; lastKnownFileType = sourcecode.c.c; path = ft_strtrim.c; sourceTree = "<group>"; };
		EDEBFAB51FED99E100C771FC /* ft_memdel.c */ = {isa = PBXFileReference; fileEncoding = 4; lastKnownFileType = sourcecode.c.c; path = ft_memdel.c; sourceTree = "<group>"; };
		EDEBFAB61FED99E100C771FC /* ft_memmove.c */ = {isa = PBXFileReference; fileEncoding = 4; lastKnownFileType = sourcecode.c.c; path = ft_memmove.c; sourceTree = "<group>"; };
		EDEBFAB71FED99E100C771FC /* ft_abs.c */ = {isa = PBXFileReference; fileEncoding = 4; lastKnownFileType = sourcecode.c.c; path = ft_abs.c; sourceTree = "<group>"; };
		EDEBFAB81FED99E100C771FC /* ft_strnew.c */ = {isa = PBXFileReference; fileEncoding = 4; lastKnownFileType = sourcecode.c.c; path = ft_strnew.c; sourceTree = "<group>"; };
		EDEBFAB91FED99E100C771FC /* ft_putstr.c */ = {isa = PBXFileReference; fileEncoding = 4; lastKnownFileType = sourcecode.c.c; path = ft_putstr.c; sourceTree = "<group>"; };
		EDEBFABA1FED99E100C771FC /* ft_memswp.c */ = {isa = PBXFileReference; fileEncoding = 4; lastKnownFileType = sourcecode.c.c; path = ft_memswp.c; sourceTree = "<group>"; };
		EDEBFABB1FED99E100C771FC /* ft_init_ctrl.c */ = {isa = PBXFileReference; fileEncoding = 4; lastKnownFileType = sourcecode.c.c; path = ft_init_ctrl.c; sourceTree = "<group>"; };
		EDEBFABC1FED99E100C771FC /* ft_strlcat.c */ = {isa = PBXFileReference; fileEncoding = 4; lastKnownFileType = sourcecode.c.c; path = ft_strlcat.c; sourceTree = "<group>"; };
		EDEBFABD1FED99E100C771FC /* ft_search_item.c */ = {isa = PBXFileReference; fileEncoding = 4; lastKnownFileType = sourcecode.c.c; path = ft_search_item.c; sourceTree = "<group>"; };
		EDEBFABE1FED99E100C771FC /* ft_strdup.c */ = {isa = PBXFileReference; fileEncoding = 4; lastKnownFileType = sourcecode.c.c; path = ft_strdup.c; sourceTree = "<group>"; };
		EDEBFABF1FED99E100C771FC /* ft_atoi.c */ = {isa = PBXFileReference; fileEncoding = 4; lastKnownFileType = sourcecode.c.c; path = ft_atoi.c; sourceTree = "<group>"; };
		EDEBFAC01FED99E100C771FC /* ft_memjoin.c */ = {isa = PBXFileReference; fileEncoding = 4; lastKnownFileType = sourcecode.c.c; path = ft_memjoin.c; sourceTree = "<group>"; };
		EDEBFAC11FED99E100C771FC /* ft_memichr.c */ = {isa = PBXFileReference; fileEncoding = 4; lastKnownFileType = sourcecode.c.c; path = ft_memichr.c; sourceTree = "<group>"; };
		EDEBFAC21FED99E100C771FC /* ft_isalnum.c */ = {isa = PBXFileReference; fileEncoding = 4; lastKnownFileType = sourcecode.c.c; path = ft_isalnum.c; sourceTree = "<group>"; };
		EDEBFAC31FED99E100C771FC /* ft_lstdelone.c */ = {isa = PBXFileReference; fileEncoding = 4; lastKnownFileType = sourcecode.c.c; path = ft_lstdelone.c; sourceTree = "<group>"; };
		EDEBFAC41FED99E100C771FC /* ft_itoa.c */ = {isa = PBXFileReference; fileEncoding = 4; lastKnownFileType = sourcecode.c.c; path = ft_itoa.c; sourceTree = "<group>"; };
		EDEBFAC51FED99E100C771FC /* ft_striter.c */ = {isa = PBXFileReference; fileEncoding = 4; lastKnownFileType = sourcecode.c.c; path = ft_striter.c; sourceTree = "<group>"; };
		EDEBFAC61FED99E100C771FC /* ft_strsub.c */ = {isa = PBXFileReference; fileEncoding = 4; lastKnownFileType = sourcecode.c.c; path = ft_strsub.c; sourceTree = "<group>"; };
		EDEBFAC71FED99E100C771FC /* ft_strncpy.c */ = {isa = PBXFileReference; fileEncoding = 4; lastKnownFileType = sourcecode.c.c; path = ft_strncpy.c; sourceTree = "<group>"; };
		EDEBFAC81FED99E100C771FC /* ft_tolower.c */ = {isa = PBXFileReference; fileEncoding = 4; lastKnownFileType = sourcecode.c.c; path = ft_tolower.c; sourceTree = "<group>"; };
		EDEBFAC91FED99E100C771FC /* ft_strcmp.c */ = {isa = PBXFileReference; fileEncoding = 4; lastKnownFileType = sourcecode.c.c; path = ft_strcmp.c; sourceTree = "<group>"; };
		EDEBFB141FED9A3C00C771FC /* README.md */ = {isa = PBXFileReference; fileEncoding = 4; lastKnownFileType = net.daringfireball.markdown; path = README.md; sourceTree = "<group>"; };
/* End PBXFileReference section */

/* Begin PBXFrameworksBuildPhase section */
		EDEBF9401FED8A2F00C771FC /* Frameworks */ = {
			isa = PBXFrameworksBuildPhase;
			buildActionMask = 2147483647;
			files = (
			);
			runOnlyForDeploymentPostprocessing = 0;
		};
/* End PBXFrameworksBuildPhase section */

/* Begin PBXGroup section */
		ED79FD061FEDAF7700EB15A1 /* Frameworks */ = {
			isa = PBXGroup;
			children = (
				ED79FD071FEDAF7700EB15A1 /* Cocoa.framework */,
			);
			name = Frameworks;
			sourceTree = "<group>";
		};
		EDEBF93A1FED8A2F00C771FC = {
			isa = PBXGroup;
			children = (
				EDEBF98A1FED8A7C00C771FC /* auteur */,
				EDEBF96E1FED8A6E00C771FC /* Makefile */,
				EDEBF9581FED8A6200C771FC /* libft.fr.pdf */,
				EDEBFB141FED9A3C00C771FC /* README.md */,
				EDEBFA7F1FED99E100C771FC /* sources */,
				EDEBF9E91FED90FB00C771FC /* includes */,
				ED79FD061FEDAF7700EB15A1 /* Frameworks */,
				EDEBF9441FED8A2F00C771FC /* Products */,
			);
			sourceTree = "<group>";
		};
		EDEBF9441FED8A2F00C771FC /* Products */ = {
			isa = PBXGroup;
			children = (
				EDEBF9431FED8A2F00C771FC /* libft.a */,
			);
			name = Products;
			sourceTree = "<group>";
		};
		EDEBF9E91FED90FB00C771FC /* includes */ = {
			isa = PBXGroup;
			children = (
				EDEBF9541FED8A6100C771FC /* libft.h */,
			);
			path = includes;
			sourceTree = "<group>";
		};
		EDEBFA7F1FED99E100C771FC /* sources */ = {
			isa = PBXGroup;
			children = (
				EDEBFA801FED99E100C771FC /* ft_strncat.c */,
				EDEBFA821FED99E100C771FC /* ft_strswp.c */,
				EDEBFA831FED99E100C771FC /* ft_lstadd.c */,
				EDEBFA841FED99E100C771FC /* ft_isdigit.c */,
				EDEBFA851FED99E100C771FC /* ft_create_item.c */,
				EDEBFA861FED99E100C771FC /* ft_putstr_fd.c */,
				EDEBFA871FED99E100C771FC /* ft_strequ.c */,
				EDEBFA811FED99E100C771FC /* ft_strnstr.c */,
				EDEBFA881FED99E100C771FC /* ft_lstnew.c */,
				EDEBFA891FED99E100C771FC /* ft_strlen.c */,
				EDEBFA8A1FED99E100C771FC /* ft_strnjoin.c */,
				EDEBFA8B1FED99E100C771FC /* ft_memcmp.c */,
				EDEBFA8C1FED99E100C771FC /* ft_putnbr.c */,
				EDEBFA8D1FED99E100C771FC /* ft_strclr.c */,
				EDEBFA8E1FED99E100C771FC /* ft_int_cmp.c */,
				EDEBFA8F1FED99E100C771FC /* ft_memicmp.c */,
				EDEBFA901FED99E100C771FC /* ft_strsplit.c */,
				EDEBFA911FED99E100C771FC /* ft_putnbr_fd.c */,
				EDEBFA921FED99E100C771FC /* ft_lstiter.c */,
				EDEBFA931FED99E100C771FC /* ft_strchr.c */,
				EDEBFA941FED99E100C771FC /* ft_striteri.c */,
				EDEBFA951FED99E100C771FC /* ft_bzero.c */,
				EDEBFA961FED99E100C771FC /* ft_strjoin.c */,
				EDEBFA971FED99E100C771FC /* ft_isascii.c */,
				EDEBFA981FED99E100C771FC /* ft_memcpy.c */,
				EDEBFA991FED99E100C771FC /* ft_strstr.c */,
				EDEBFA9A1FED99E100C771FC /* ft_memalloc.c */,
				EDEBFA9B1FED99E100C771FC /* ft_putendl.c */,
				EDEBFA9C1FED99E100C771FC /* ft_memccpy.c */,
				EDEBFA9D1FED99E100C771FC /* ft_strcat.c */,
				EDEBFA9E1FED99E100C771FC /* ft_isprint.c */,
				EDEBFA9F1FED99E100C771FC /* ft_strnswp.c */,
				EDEBFAA01FED99E100C771FC /* ft_putendl_fd.c */,
				EDEBFAA11FED99E100C771FC /* ft_strdel.c */,
				EDEBFAA21FED99E100C771FC /* ft_lstmap.c */,
				EDEBFAA31FED99E100C771FC /* ft_strnequ.c */,
				EDEBFAA41FED99E100C771FC /* ft_toupper.c */,
				EDEBFAA51FED99E100C771FC /* ft_rm_item.c */,
				EDEBFAA61FED99E100C771FC /* ft_putchar.c */,
				EDEBFAA71FED99E100C771FC /* ft_strrchr.c */,
				EDEBFAA81FED99E100C771FC /* ft_get_item.c */,
				EDEBFAA91FED99E100C771FC /* ft_isalpha.c */,
				EDEBFAAA1FED99E100C771FC /* ft_memchr.c */,
				EDEBFAAB1FED99E100C771FC /* ft_strmap.c */,
				EDEBFAAC1FED99E100C771FC /* ft_stricpy.c */,
				EDEBFAAD1FED99E100C771FC /* ft_putchar_fd.c */,
				EDEBFAAE1FED99E100C771FC /* ft_memset.c */,
				EDEBFAAF1FED99E100C771FC /* ft_lstdel.c */,
				EDEBFAB01FED99E100C771FC /* ft_strncmp.c */,
				EDEBFAB11FED99E100C771FC /* ft_strcpy.c */,
				EDEBFAB21FED99E100C771FC /* ft_strlswp.c */,
				EDEBFAB31FED99E100C771FC /* ft_strmapi.c */,
				EDEBFAB41FED99E100C771FC /* ft_strtrim.c */,
				EDEBFAB51FED99E100C771FC /* ft_memdel.c */,
				EDEBFAB61FED99E100C771FC /* ft_memmove.c */,
				EDEBFAB71FED99E100C771FC /* ft_abs.c */,
				EDEBFAB81FED99E100C771FC /* ft_strnew.c */,
				EDEBFAB91FED99E100C771FC /* ft_putstr.c */,
				EDEBFABA1FED99E100C771FC /* ft_memswp.c */,
				EDEBFABB1FED99E100C771FC /* ft_init_ctrl.c */,
				EDEBFABC1FED99E100C771FC /* ft_strlcat.c */,
				EDEBFABD1FED99E100C771FC /* ft_search_item.c */,
				EDEBFABE1FED99E100C771FC /* ft_strdup.c */,
				EDEBFABF1FED99E100C771FC /* ft_atoi.c */,
				EDEBFAC01FED99E100C771FC /* ft_memjoin.c */,
				EDEBFAC11FED99E100C771FC /* ft_memichr.c */,
				EDEBFAC21FED99E100C771FC /* ft_isalnum.c */,
				EDEBFAC31FED99E100C771FC /* ft_lstdelone.c */,
				EDEBFAC41FED99E100C771FC /* ft_itoa.c */,
				EDEBFAC51FED99E100C771FC /* ft_striter.c */,
				EDEBFAC61FED99E100C771FC /* ft_strsub.c */,
				EDEBFAC71FED99E100C771FC /* ft_strncpy.c */,
				EDEBFAC81FED99E100C771FC /* ft_tolower.c */,
				EDEBFAC91FED99E100C771FC /* ft_strcmp.c */,
				EDC446801FF4105600BFC2EC /* ft_rm_ctrl.c */,
				EDC446821FF4671900BFC2EC /* ft_rm_list.c */,
				EDC446841FF5120700BFC2EC /* ft_clean_list.c */,
			);
			path = sources;
			sourceTree = "<group>";
		};
/* End PBXGroup section */

/* Begin PBXHeadersBuildPhase section */
		EDEBF9411FED8A2F00C771FC /* Headers */ = {
			isa = PBXHeadersBuildPhase;
			buildActionMask = 2147483647;
			files = (
				EDEBF9A21FED8A8400C771FC /* libft.h in Headers */,
			);
			runOnlyForDeploymentPostprocessing = 0;
		};
/* End PBXHeadersBuildPhase section */

/* Begin PBXLegacyTarget section */
		EDEBF9E51FED901500C771FC /* libft.a */ = {
			isa = PBXLegacyTarget;
			buildArgumentsString = "$(ACTION)";
			buildConfigurationList = EDEBF9E61FED901500C771FC /* Build configuration list for PBXLegacyTarget "libft.a" */;
			buildPhases = (
			);
			buildToolPath = /usr/bin/make;
			buildWorkingDirectory = "";
			dependencies = (
			);
			name = libft.a;
			passBuildSettingsInEnvironment = 1;
			productName = libft.a;
		};
/* End PBXLegacyTarget section */

/* Begin PBXNativeTarget section */
		EDEBF9421FED8A2F00C771FC /* ft */ = {
			isa = PBXNativeTarget;
			buildConfigurationList = EDEBF9471FED8A2F00C771FC /* Build configuration list for PBXNativeTarget "ft" */;
			buildPhases = (
				EDEBF93F1FED8A2F00C771FC /* Sources */,
				EDEBF9401FED8A2F00C771FC /* Frameworks */,
				EDEBF9411FED8A2F00C771FC /* Headers */,
			);
			buildRules = (
			);
			dependencies = (
			);
			name = ft;
			productName = ft;
			productReference = EDEBF9431FED8A2F00C771FC /* libft.a */;
			productType = "com.apple.product-type.library.static";
		};
/* End PBXNativeTarget section */

/* Begin PBXProject section */
		EDEBF93B1FED8A2F00C771FC /* Project object */ = {
			isa = PBXProject;
			attributes = {
				LastSwiftUpdateCheck = 0920;
				LastUpgradeCheck = 0930;
				ORGANIZATIONNAME = "Marcus Florentin";
				TargetAttributes = {
					EDEBF9421FED8A2F00C771FC = {
						CreatedOnToolsVersion = 9.2;
						ProvisioningStyle = Automatic;
					};
					EDEBF9E51FED901500C771FC = {
						CreatedOnToolsVersion = 9.2;
						ProvisioningStyle = Automatic;
					};
				};
			};
			buildConfigurationList = EDEBF93E1FED8A2F00C771FC /* Build configuration list for PBXProject "ft" */;
			compatibilityVersion = "Xcode 8.0";
			developmentRegion = en;
			hasScannedForEncodings = 0;
			knownRegions = (
				en,
			);
			mainGroup = EDEBF93A1FED8A2F00C771FC;
			productRefGroup = EDEBF9441FED8A2F00C771FC /* Products */;
			projectDirPath = "";
			projectRoot = "";
			targets = (
				EDEBF9421FED8A2F00C771FC /* ft */,
				EDEBF9E51FED901500C771FC /* libft.a */,
			);
		};
/* End PBXProject section */

/* Begin PBXSourcesBuildPhase section */
		EDEBF93F1FED8A2F00C771FC /* Sources */ = {
			isa = PBXSourcesBuildPhase;
			buildActionMask = 2147483647;
			files = (
				EDEBFB051FED99E100C771FC /* ft_init_ctrl.c in Sources */,
				EDEBFB0B1FED99E100C771FC /* ft_memichr.c in Sources */,
				EDEBFAF11FED99E100C771FC /* ft_strrchr.c in Sources */,
				EDEBFADF1FED99E100C771FC /* ft_bzero.c in Sources */,
				EDEBFAFA1FED99E100C771FC /* ft_strncmp.c in Sources */,
				EDEBFADE1FED99E100C771FC /* ft_striteri.c in Sources */,
				EDC446851FF5120700BFC2EC /* ft_clean_list.c in Sources */,
				EDEBFAE21FED99E100C771FC /* ft_memcpy.c in Sources */,
				EDEBFAE81FED99E100C771FC /* ft_isprint.c in Sources */,
				EDEBFAF41FED99E100C771FC /* ft_memchr.c in Sources */,
				EDEBFAD21FED99E100C771FC /* ft_lstnew.c in Sources */,
				EDEBFB131FED99E100C771FC /* ft_strcmp.c in Sources */,
				EDEBFAEB1FED99E100C771FC /* ft_strdel.c in Sources */,
				EDEBFAD61FED99E100C771FC /* ft_putnbr.c in Sources */,
				EDEBFAD81FED99E100C771FC /* ft_int_cmp.c in Sources */,
				EDEBFAEA1FED99E100C771FC /* ft_putendl_fd.c in Sources */,
				EDC446811FF4105600BFC2EC /* ft_rm_ctrl.c in Sources */,
				EDEBFAD71FED99E100C771FC /* ft_strclr.c in Sources */,
				EDEBFAD91FED99E100C771FC /* ft_memicmp.c in Sources */,
				EDEBFADC1FED99E100C771FC /* ft_lstiter.c in Sources */,
				EDEBFACC1FED99E100C771FC /* ft_strswp.c in Sources */,
				EDEBFB091FED99E100C771FC /* ft_atoi.c in Sources */,
				EDEBFAEF1FED99E100C771FC /* ft_rm_item.c in Sources */,
				EDEBFAE01FED99E100C771FC /* ft_strjoin.c in Sources */,
				EDEBFAE41FED99E100C771FC /* ft_memalloc.c in Sources */,
				EDEBFB021FED99E100C771FC /* ft_strnew.c in Sources */,
				EDEBFAFD1FED99E100C771FC /* ft_strmapi.c in Sources */,
				EDEBFAFF1FED99E100C771FC /* ft_memdel.c in Sources */,
				EDEBFAE31FED99E100C771FC /* ft_strstr.c in Sources */,
				EDC446831FF4671900BFC2EC /* ft_rm_list.c in Sources */,
				EDEBFB011FED99E100C771FC /* ft_abs.c in Sources */,
				EDEBFB081FED99E100C771FC /* ft_strdup.c in Sources */,
				EDEBFAF91FED99E100C771FC /* ft_lstdel.c in Sources */,
				EDEBFACB1FED99E100C771FC /* ft_strnstr.c in Sources */,
				EDEBFAEC1FED99E100C771FC /* ft_lstmap.c in Sources */,
				EDEBFB111FED99E100C771FC /* ft_strncpy.c in Sources */,
				EDEBFAD01FED99E100C771FC /* ft_putstr_fd.c in Sources */,
				EDEBFAD41FED99E100C771FC /* ft_strnjoin.c in Sources */,
				EDEBFAE71FED99E100C771FC /* ft_strcat.c in Sources */,
				EDEBFAFE1FED99E100C771FC /* ft_strtrim.c in Sources */,
				EDEBFAF21FED99E100C771FC /* ft_get_item.c in Sources */,
				EDEBFB041FED99E100C771FC /* ft_memswp.c in Sources */,
				EDEBFAFC1FED99E100C771FC /* ft_strlswp.c in Sources */,
				EDEBFAE61FED99E100C771FC /* ft_memccpy.c in Sources */,
				EDEBFADB1FED99E100C771FC /* ft_putnbr_fd.c in Sources */,
				EDEBFAF71FED99E100C771FC /* ft_putchar_fd.c in Sources */,
				EDEBFB001FED99E100C771FC /* ft_memmove.c in Sources */,
				EDEBFAF51FED99E100C771FC /* ft_strmap.c in Sources */,
				EDEBFAD11FED99E100C771FC /* ft_strequ.c in Sources */,
				EDEBFAEE1FED99E100C771FC /* ft_toupper.c in Sources */,
				EDEBFAF61FED99E100C771FC /* ft_stricpy.c in Sources */,
				EDEBFB061FED99E100C771FC /* ft_strlcat.c in Sources */,
				EDEBFB121FED99E100C771FC /* ft_tolower.c in Sources */,
				EDEBFAD31FED99E100C771FC /* ft_strlen.c in Sources */,
				EDEBFAF31FED99E100C771FC /* ft_isalpha.c in Sources */,
				EDEBFAE11FED99E100C771FC /* ft_isascii.c in Sources */,
				EDEBFAF01FED99E100C771FC /* ft_putchar.c in Sources */,
				EDEBFACF1FED99E100C771FC /* ft_create_item.c in Sources */,
				EDEBFACD1FED99E100C771FC /* ft_lstadd.c in Sources */,
				EDEBFB0E1FED99E100C771FC /* ft_itoa.c in Sources */,
				EDEBFB0C1FED99E100C771FC /* ft_isalnum.c in Sources */,
				EDEBFAE51FED99E100C771FC /* ft_putendl.c in Sources */,
				EDEBFAE91FED99E100C771FC /* ft_strnswp.c in Sources */,
				EDEBFAED1FED99E100C771FC /* ft_strnequ.c in Sources */,
				EDEBFB0D1FED99E100C771FC /* ft_lstdelone.c in Sources */,
				EDEBFAFB1FED99E100C771FC /* ft_strcpy.c in Sources */,
				EDEBFB071FED99E100C771FC /* ft_search_item.c in Sources */,
				EDEBFADA1FED99E100C771FC /* ft_strsplit.c in Sources */,
				EDEBFACE1FED99E100C771FC /* ft_isdigit.c in Sources */,
				EDEBFADD1FED99E100C771FC /* ft_strchr.c in Sources */,
				EDEBFAF81FED99E100C771FC /* ft_memset.c in Sources */,
				EDEBFB031FED99E100C771FC /* ft_putstr.c in Sources */,
				EDEBFB0F1FED99E100C771FC /* ft_striter.c in Sources */,
				EDEBFB101FED99E100C771FC /* ft_strsub.c in Sources */,
				EDEBFACA1FED99E100C771FC /* ft_strncat.c in Sources */,
				EDEBFAD51FED99E100C771FC /* ft_memcmp.c in Sources */,
				EDEBFB0A1FED99E100C771FC /* ft_memjoin.c in Sources */,
			);
			runOnlyForDeploymentPostprocessing = 0;
		};
/* End PBXSourcesBuildPhase section */

/* Begin XCBuildConfiguration section */
		EDEBF9451FED8A2F00C771FC /* Debug */ = {
			isa = XCBuildConfiguration;
			buildSettings = {
				ALWAYS_SEARCH_USER_PATHS = NO;
				CLANG_ANALYZER_NONNULL = YES;
				CLANG_ANALYZER_NUMBER_OBJECT_CONVERSION = YES_AGGRESSIVE;
				CLANG_CXX_LANGUAGE_STANDARD = "gnu++14";
				CLANG_CXX_LIBRARY = "libc++";
				CLANG_ENABLE_MODULES = YES;
				CLANG_ENABLE_OBJC_ARC = YES;
				CLANG_WARN_BLOCK_CAPTURE_AUTORELEASING = YES;
				CLANG_WARN_BOOL_CONVERSION = YES;
				CLANG_WARN_COMMA = YES;
				CLANG_WARN_CONSTANT_CONVERSION = YES;
				CLANG_WARN_DEPRECATED_OBJC_IMPLEMENTATIONS = YES;
				CLANG_WARN_DIRECT_OBJC_ISA_USAGE = YES_ERROR;
				CLANG_WARN_DOCUMENTATION_COMMENTS = YES;
				CLANG_WARN_EMPTY_BODY = YES;
				CLANG_WARN_ENUM_CONVERSION = YES;
				CLANG_WARN_INFINITE_RECURSION = YES;
				CLANG_WARN_INT_CONVERSION = YES;
				CLANG_WARN_NON_LITERAL_NULL_CONVERSION = YES;
				CLANG_WARN_OBJC_IMPLICIT_RETAIN_SELF = YES;
				CLANG_WARN_OBJC_LITERAL_CONVERSION = YES;
				CLANG_WARN_OBJC_ROOT_CLASS = YES_ERROR;
				CLANG_WARN_RANGE_LOOP_ANALYSIS = YES;
				CLANG_WARN_STRICT_PROTOTYPES = YES;
				CLANG_WARN_SUSPICIOUS_MOVE = YES;
				CLANG_WARN_UNGUARDED_AVAILABILITY = YES_AGGRESSIVE;
				CLANG_WARN_UNREACHABLE_CODE = YES;
				CLANG_WARN__DUPLICATE_METHOD_MATCH = YES;
				CODE_SIGN_IDENTITY = "Mac Developer";
				COPY_PHASE_STRIP = NO;
				DEBUG_INFORMATION_FORMAT = dwarf;
				ENABLE_STRICT_OBJC_MSGSEND = YES;
				ENABLE_TESTABILITY = YES;
				GCC_C_LANGUAGE_STANDARD = gnu11;
				GCC_DYNAMIC_NO_PIC = NO;
				GCC_NO_COMMON_BLOCKS = YES;
				GCC_OPTIMIZATION_LEVEL = 0;
				GCC_PREPROCESSOR_DEFINITIONS = (
					"DEBUG=1",
					"$(inherited)",
				);
				GCC_WARN_64_TO_32_BIT_CONVERSION = YES;
				GCC_WARN_ABOUT_RETURN_TYPE = YES_ERROR;
				GCC_WARN_UNDECLARED_SELECTOR = YES;
				GCC_WARN_UNINITIALIZED_AUTOS = YES_AGGRESSIVE;
				GCC_WARN_UNUSED_FUNCTION = YES;
				GCC_WARN_UNUSED_VARIABLE = YES;
				MACOSX_DEPLOYMENT_TARGET = 10.13;
				MTL_ENABLE_DEBUG_INFO = YES;
				ONLY_ACTIVE_ARCH = YES;
				SDKROOT = macosx;
			};
			name = Debug;
		};
		EDEBF9461FED8A2F00C771FC /* Release */ = {
			isa = XCBuildConfiguration;
			buildSettings = {
				ALWAYS_SEARCH_USER_PATHS = NO;
				CLANG_ANALYZER_NONNULL = YES;
				CLANG_ANALYZER_NUMBER_OBJECT_CONVERSION = YES_AGGRESSIVE;
				CLANG_CXX_LANGUAGE_STANDARD = "gnu++14";
				CLANG_CXX_LIBRARY = "libc++";
				CLANG_ENABLE_MODULES = YES;
				CLANG_ENABLE_OBJC_ARC = YES;
				CLANG_WARN_BLOCK_CAPTURE_AUTORELEASING = YES;
				CLANG_WARN_BOOL_CONVERSION = YES;
				CLANG_WARN_COMMA = YES;
				CLANG_WARN_CONSTANT_CONVERSION = YES;
				CLANG_WARN_DEPRECATED_OBJC_IMPLEMENTATIONS = YES;
				CLANG_WARN_DIRECT_OBJC_ISA_USAGE = YES_ERROR;
				CLANG_WARN_DOCUMENTATION_COMMENTS = YES;
				CLANG_WARN_EMPTY_BODY = YES;
				CLANG_WARN_ENUM_CONVERSION = YES;
				CLANG_WARN_INFINITE_RECURSION = YES;
				CLANG_WARN_INT_CONVERSION = YES;
				CLANG_WARN_NON_LITERAL_NULL_CONVERSION = YES;
				CLANG_WARN_OBJC_IMPLICIT_RETAIN_SELF = YES;
				CLANG_WARN_OBJC_LITERAL_CONVERSION = YES;
				CLANG_WARN_OBJC_ROOT_CLASS = YES_ERROR;
				CLANG_WARN_RANGE_LOOP_ANALYSIS = YES;
				CLANG_WARN_STRICT_PROTOTYPES = YES;
				CLANG_WARN_SUSPICIOUS_MOVE = YES;
				CLANG_WARN_UNGUARDED_AVAILABILITY = YES_AGGRESSIVE;
				CLANG_WARN_UNREACHABLE_CODE = YES;
				CLANG_WARN__DUPLICATE_METHOD_MATCH = YES;
				CODE_SIGN_IDENTITY = "Mac Developer";
				COPY_PHASE_STRIP = NO;
				DEBUG_INFORMATION_FORMAT = "dwarf-with-dsym";
				ENABLE_NS_ASSERTIONS = NO;
				ENABLE_STRICT_OBJC_MSGSEND = YES;
				GCC_C_LANGUAGE_STANDARD = gnu11;
				GCC_NO_COMMON_BLOCKS = YES;
				GCC_WARN_64_TO_32_BIT_CONVERSION = YES;
				GCC_WARN_ABOUT_RETURN_TYPE = YES_ERROR;
				GCC_WARN_UNDECLARED_SELECTOR = YES;
				GCC_WARN_UNINITIALIZED_AUTOS = YES_AGGRESSIVE;
				GCC_WARN_UNUSED_FUNCTION = YES;
				GCC_WARN_UNUSED_VARIABLE = YES;
				MACOSX_DEPLOYMENT_TARGET = 10.13;
				MTL_ENABLE_DEBUG_INFO = NO;
				SDKROOT = macosx;
			};
			name = Release;
		};
		EDEBF9481FED8A2F00C771FC /* Debug */ = {
			isa = XCBuildConfiguration;
			buildSettings = {
				CODE_SIGN_STYLE = Automatic;
				DEVELOPMENT_TEAM = Z8Q82L44LS;
				EXECUTABLE_PREFIX = lib;
				OTHER_CFLAGS = "-Weverything";
				PRODUCT_NAME = "$(TARGET_NAME)";
			};
			name = Debug;
		};
		EDEBF9491FED8A2F00C771FC /* Release */ = {
			isa = XCBuildConfiguration;
			buildSettings = {
				CODE_SIGN_STYLE = Automatic;
				DEVELOPMENT_TEAM = Z8Q82L44LS;
				EXECUTABLE_PREFIX = lib;
				OTHER_CFLAGS = "";
				PRODUCT_NAME = "$(TARGET_NAME)";
			};
			name = Release;
		};
		EDEBF9E71FED901500C771FC /* Debug */ = {
			isa = XCBuildConfiguration;
			buildSettings = {
				CODE_SIGN_STYLE = Automatic;
				DEBUGGING_SYMBOLS = YES;
				DEBUG_INFORMATION_FORMAT = dwarf;
				DEVELOPMENT_TEAM = Z8Q82L44LS;
				GCC_GENERATE_DEBUGGING_SYMBOLS = YES;
				GCC_OPTIMIZATION_LEVEL = 0;
				OTHER_CFLAGS = "-Weverything";
				OTHER_LDFLAGS = "";
				PRODUCT_NAME = "$(TARGET_NAME)";
			};
			name = Debug;
		};
		EDEBF9E81FED901500C771FC /* Release */ = {
			isa = XCBuildConfiguration;
			buildSettings = {
				CODE_SIGN_STYLE = Automatic;
				DEBUG_INFORMATION_FORMAT = "dwarf-with-dsym";
				DEVELOPMENT_TEAM = Z8Q82L44LS;
				OTHER_CFLAGS = "";
				OTHER_LDFLAGS = "";
				PRODUCT_NAME = "$(TARGET_NAME)";
			};
			name = Release;
		};
/* End XCBuildConfiguration section */

/* Begin XCConfigurationList section */
		EDEBF93E1FED8A2F00C771FC /* Build configuration list for PBXProject "ft" */ = {
			isa = XCConfigurationList;
			buildConfigurations = (
				EDEBF9451FED8A2F00C771FC /* Debug */,
				EDEBF9461FED8A2F00C771FC /* Release */,
			);
			defaultConfigurationIsVisible = 0;
			defaultConfigurationName = Release;
		};
		EDEBF9471FED8A2F00C771FC /* Build configuration list for PBXNativeTarget "ft" */ = {
			isa = XCConfigurationList;
			buildConfigurations = (
				EDEBF9481FED8A2F00C771FC /* Debug */,
				EDEBF9491FED8A2F00C771FC /* Release */,
			);
			defaultConfigurationIsVisible = 0;
			defaultConfigurationName = Release;
		};
		EDEBF9E61FED901500C771FC /* Build configuration list for PBXLegacyTarget "libft.a" */ = {
			isa = XCConfigurationList;
			buildConfigurations = (
				EDEBF9E71FED901500C771FC /* Debug */,
				EDEBF9E81FED901500C771FC /* Release */,
			);
			defaultConfigurationIsVisible = 0;
			defaultConfigurationName = Release;
		};
/* End XCConfigurationList section */
	};
	rootObject = EDEBF93B1FED8A2F00C771FC /* Project object */;
}
